
Microsoft Visual Studio Solution File, Format Version 12.00
# Visual Studio Version 17
VisualStudioVersion = 17.6.33815.320
MinimumVisualStudioVersion = 10.0.40219.1
Project("{8BC9CEB8-8B4A-11D0-8D11-00A0C91BC942}") = "SRT_TimeSeriesGenerator_Core", "SRT_TimeSeriesGenerator_Core\SRT_TimeSeriesGenerator_Core.vcxproj", "{AB8B061A-DF6C-4FB6-AAF6-B41B6F995B85}"
EndProject
Global
	GlobalSection(SolutionConfigurationPlatforms) = preSolution
		Debug|x64 = Debug|x64
		Debug|x86 = Debug|x86
		Release|x64 = Release|x64
		Release|x86 = Release|x86
	EndGlobalSection
	GlobalSection(ProjectConfigurationPlatforms) = postSolution
		{AB8B061A-DF6C-4FB6-AAF6-B41B6F995B85}.Debug|x64.ActiveCfg = Debug|x64
		{AB8B061A-DF6C-4FB6-AAF6-B41B6F995B85}.Debug|x64.Build.0 = Debug|x64
		{AB8B061A-DF6C-4FB6-AAF6-B41B6F995B85}.Debug|x86.ActiveCfg = Debug|Win32
		{AB8B061A-DF6C-4FB6-AAF6-B41B6F995B85}.Debug|x86.Build.0 = Debug|Win32
		{AB8B061A-DF6C-4FB6-AAF6-B41B6F995B85}.Release|x64.ActiveCfg = Release|x64
		{AB8B061A-DF6C-4FB6-AAF6-B41B6F995B85}.Release|x64.Build.0 = Release|x64
		{AB8B061A-DF6C-4FB6-AAF6-B41B6F995B85}.Release|x86.ActiveCfg = Release|Win32
		{AB8B061A-DF6C-4FB6-AAF6-B41B6F995B85}.Release|x86.Build.0 = Release|Win32
	EndGlobalSection
	GlobalSection(SolutionProperties) = preSolution
		HideSolutionNode = FALSE
	EndGlobalSection
	GlobalSection(ExtensibilityGlobals) = postSolution
		SolutionGuid = {58776090-9ACB-460D-8BA5-9917BC7AC2F5}
	EndGlobalSection
EndGlobal
